{
  "name": "course",
  "version": "0.0.0",
  "lockfileVersion": 1,
  "requires": true,
  "dependencies": {
    "pnpm": {
      "version": "7.1.9",
      "resolved": "https://registry.npmjs.org/pnpm/-/pnpm-7.1.9.tgz",
      "integrity": "sha512-YWA+iqayHb0MndHTyqvVPKQVYVCOoBYlQNLP3hAf2DT/Iw2EHVcP18yCT+xnsPNvkC4VYfQepE6AZvySQue1TA=="
    }
  }
}
